Microsoft Visual Studio Solution File, Format Version 12.00
# Visual Studio Version 17
VisualStudioVersion = 17.5.2.0
MinimumVisualStudioVersion = 10.0.40219.1
Project("{FAE04EC0-301F-11D3-BF4B-00C04F79EFBC}") = "Design Patterns", "Design Patterns.csproj", "{0ACB2557-E5F1-2675-5366-DF1E6750E4F8}"
EndProject
Global
	GlobalSection(SolutionConfigurationPlatforms) = preSolution
		Debug|Any CPU = Debug|Any CPU
		Release|Any CPU = Release|Any CPU
	EndGlobalSection
	GlobalSection(ProjectConfigurationPlatforms) = postSolution
		{0ACB2557-E5F1-2675-5366-DF1E6750E4F8}.Debug|Any CPU.ActiveCfg = Debug|Any CPU
		{0ACB2557-E5F1-2675-5366-DF1E6750E4F8}.Debug|Any CPU.Build.0 = Debug|Any CPU
		{0ACB2557-E5F1-2675-5366-DF1E6750E4F8}.Release|Any CPU.ActiveCfg = Release|Any CPU
		{0ACB2557-E5F1-2675-5366-DF1E6750E4F8}.Release|Any CPU.Build.0 = Release|Any CPU
	EndGlobalSection
	GlobalSection(SolutionProperties) = preSolution
		HideSolutionNode = FALSE
	EndGlobalSection
	GlobalSection(ExtensibilityGlobals) = postSolution
		SolutionGuid = {603F5277-B06C-479A-B704-0A57170E126A}
	EndGlobalSection
EndGlobal
